
Microsoft Visual Studio Solution File, Format Version 12.00
# Visual Studio Version 17
VisualStudioVersion = 17.10.35122.118
MinimumVisualStudioVersion = 10.0.40219.1
Project("{FAE04EC0-301F-11D3-BF4B-00C04F79EFBC}") = "PicoYPlacaQuito", "PicoYPlacaQuito.csproj", "{DA6AE2C0-A968-411B-A8D8-942601FB0EC9}"
EndProject
Global
	GlobalSection(SolutionConfigurationPlatforms) = preSolution
		Debug|Any CPU = Debug|Any CPU
		Release|Any CPU = Release|Any CPU
	EndGlobalSection
	GlobalSection(ProjectConfigurationPlatforms) = postSolution
		{DA6AE2C0-A968-411B-A8D8-942601FB0EC9}.Debug|Any CPU.ActiveCfg = Debug|Any CPU
		{DA6AE2C0-A968-411B-A8D8-942601FB0EC9}.Debug|Any CPU.Build.0 = Debug|Any CPU
		{DA6AE2C0-A968-411B-A8D8-942601FB0EC9}.Release|Any CPU.ActiveCfg = Release|Any CPU
		{DA6AE2C0-A968-411B-A8D8-942601FB0EC9}.Release|Any CPU.Build.0 = Release|Any CPU
	EndGlobalSection
	GlobalSection(SolutionProperties) = preSolution
		HideSolutionNode = FALSE
	EndGlobalSection
	GlobalSection(ExtensibilityGlobals) = postSolution
		SolutionGuid = {D6F4F265-0598-43A0-BD4C-50C7B7BCFB89}
	EndGlobalSection
EndGlobal
